// !$*UTF8*$!
{
	archiveVersion = 1;
	classes = {
	};
	objectVersion = 77;
	objects = {

/* Begin PBXBuildFile section */
		18CE4F7E2F30F4C200ECB1AB /* Alamofire in Frameworks */ = {isa = PBXBuildFile; productRef = 18CE4F7D2F30F4C200ECB1AB /* Alamofire */; };
/* End PBXBuildFile section */

/* Begin PBXContainerItemProxy section */
		18CE4EE32F2F309900ECB1AB /* PBXContainerItemProxy */ = {
			isa = PBXContainerItemProxy;
			containerPortal = 18CE4ECD2F2F309700ECB1AB /* Project object */;
			proxyType = 1;
			remoteGlobalIDString = 18CE4ED42F2F309700ECB1AB;
			remoteInfo = "TikTok-Style-App";
		};
		18CE4EED2F2F309900ECB1AB /* PBXContainerItemProxy */ = {
			isa = PBXContainerItemProxy;
			containerPortal = 18CE4ECD2F2F309700ECB1AB /* Project object */;
			proxyType = 1;
			remoteGlobalIDString = 18CE4ED42F2F309700ECB1AB;
			remoteInfo = "TikTok-Style-App";
		};
/* End PBXContainerItemProxy section */

/* Begin PBXCopyFilesBuildPhase section */
		18CE4F822F30F4C200ECB1AB /* Embed Frameworks */ = {
			isa = PBXCopyFilesBuildPhase;
			buildActionMask = 2147483647;
			dstPath = "";
			dstSubfolderSpec = 10;
			files = (
			);
			name = "Embed Frameworks";
			runOnlyForDeploymentPostprocessing = 0;
		};
/* End PBXCopyFilesBuildPhase section */

/* Begin PBXFileReference section */
		18CE4ED52F2F309700ECB1AB /* TikTok-Style-App.app */ = {isa = PBXFileReference; explicitFileType = wrapper.application; includeInIndex = 0; path = "TikTok-Style-App.app"; sourceTree = BUILT_PRODUCTS_DIR; };
		18CE4EE22F2F309900ECB1AB /* TikTok-Style-AppTests.xctest */ = {isa = PBXFileReference; explicitFileType = wrapper.cfbundle; includeInIndex = 0; path = "TikTok-Style-AppTests.xctest"; sourceTree = BUILT_PRODUCTS_DIR; };
		18CE4EEC2F2F309900ECB1AB /* TikTok-Style-AppUITests.xctest */ = {isa = PBXFileReference; explicitFileType = wrapper.cfbundle; includeInIndex = 0; path = "TikTok-Style-AppUITests.xctest"; sourceTree = BUILT_PRODUCTS_DIR; };
/* End PBXFileReference section */

/* Begin PBXFileSystemSynchronizedRootGroup section */
		18CE4ED72F2F309700ECB1AB /* TikTok-Style-App */ = {
			isa = PBXFileSystemSynchronizedRootGroup;
			path = "TikTok-Style-App";
			sourceTree = "<group>";
		};
		18CE4EE52F2F309900ECB1AB /* TikTok-Style-AppTests */ = {
			isa = PBXFileSystemSynchronizedRootGroup;
			path = "TikTok-Style-AppTests";
			sourceTree = "<group>";
		};
		18CE4EEF2F2F309900ECB1AB /* TikTok-Style-AppUITests */ = {
			isa = PBXFileSystemSynchronizedRootGroup;
			path = "TikTok-Style-AppUITests";
			sourceTree = "<group>";
		};
/* End PBXFileSystemSynchronizedRootGroup section */

/* Begin PBXFrameworksBuildPhase section */
		18CE4ED22F2F309700ECB1AB /* Frameworks */ = {
			isa = PBXFrameworksBuildPhase;
			buildActionMask = 2147483647;
			files = (
				18CE4F7E2F30F4C200ECB1AB /* Alamofire in Frameworks */,
			);
			runOnlyForDeploymentPostprocessing = 0;
		};
		18CE4EDF2F2F309900ECB1AB /* Frameworks */ = {
			isa = PBXFrameworksBuildPhase;
			buildActionMask = 2147483647;
			files = (
			);
			runOnlyForDeploymentPostprocessing = 0;
		};
		18CE4EE92F2F309900ECB1AB /* Frameworks */ = {
			isa = PBXFrameworksBuildPhase;
			buildActionMask = 2147483647;
			files = (
			);
			runOnlyForDeploymentPostprocessing = 0;
		};
/* End PBXFrameworksBuildPhase section */

/* Begin PBXGroup section */
		18CE4ECC2F2F309700ECB1AB = {
			isa = PBXGroup;
			children = (
				18CE4ED72F2F309700ECB1AB /* TikTok-Style-App */,
				18CE4EE52F2F309900ECB1AB /* TikTok-Style-AppTests */,
				18CE4EEF2F2F309900ECB1AB /* TikTok-Style-AppUITests */,
				18CE4F7C2F30F4C100ECB1AB /* Frameworks */,
				18CE4ED62F2F309700ECB1AB /* Products */,
			);
			sourceTree = "<group>";
		};
		18CE4ED62F2F309700ECB1AB /* Products */ = {
			isa = PBXGroup;
			children = (
				18CE4ED52F2F309700ECB1AB /* TikTok-Style-App.app */,
				18CE4EE22F2F309900ECB1AB /* TikTok-Style-AppTests.xctest */,
				18CE4EEC2F2F309900ECB1AB /* TikTok-Style-AppUITests.xctest */,
			);
			name = Products;
			sourceTree = "<group>";
		};
		18CE4F7C2F30F4C100ECB1AB /* Frameworks */ = {
			isa = PBXGroup;
			children = (
			);
			name = Frameworks;
			sourceTree = "<group>";
		};
/* End PBXGroup section */

/* Begin PBXNativeTarget section */
		18CE4ED42F2F309700ECB1AB /* TikTok-Style-App */ = {
			isa = PBXNativeTarget;
			buildConfigurationList = 18CE4EF62F2F309900ECB1AB /* Build configuration list for PBXNativeTarget "TikTok-Style-App" */;
			buildPhases = (
				18CE4ED12F2F309700ECB1AB /* Sources */,
				18CE4ED22F2F309700ECB1AB /* Frameworks */,
				18CE4ED32F2F309700ECB1AB /* Resources */,
				18CE4F822F30F4C200ECB1AB /* Embed Frameworks */,
			);
			buildRules = (
			);
			dependencies = (
			);
			fileSystemSynchronizedGroups = (
				18CE4ED72F2F309700ECB1AB /* TikTok-Style-App */,
			);
			name = "TikTok-Style-App";
			packageProductDependencies = (
				18CE4F7D2F30F4C200ECB1AB /* Alamofire */,
			);
			productName = "TikTok-Style-App";
			productReference = 18CE4ED52F2F309700ECB1AB /* TikTok-Style-App.app */;
			productType = "com.apple.product-type.application";
		};
		18CE4EE12F2F309900ECB1AB /* TikTok-Style-AppTests */ = {
			isa = PBXNativeTarget;
			buildConfigurationList = 18CE4EF92F2F309900ECB1AB /* Build configuration list for PBXNativeTarget "TikTok-Style-AppTests" */;
			buildPhases = (
				18CE4EDE2F2F309900ECB1AB /* Sources */,
				18CE4EDF2F2F309900ECB1AB /* Frameworks */,
				18CE4EE02F2F309900ECB1AB /* Resources */,
			);
			buildRules = (
			);
			dependencies = (
				18CE4EE42F2F309900ECB1AB /* PBXTargetDependency */,
			);
			fileSystemSynchronizedGroups = (
				18CE4EE52F2F309900ECB1AB /* TikTok-Style-AppTests */,
			);
			name = "TikTok-Style-AppTests";
			packageProductDependencies = (
			);
			productName = "TikTok-Style-AppTests";
			productReference = 18CE4EE22F2F309900ECB1AB /* TikTok-Style-AppTests.xctest */;
			productType = "com.apple.product-type.bundle.unit-test";
		};
		18CE4EEB2F2F309900ECB1AB /* TikTok-Style-AppUITests */ = {
			isa = PBXNativeTarget;
			buildConfigurationList = 18CE4EFC2F2F309900ECB1AB /* Build configuration list for PBXNativeTarget "TikTok-Style-AppUITests" */;
			buildPhases = (
				18CE4EE82F2F309900ECB1AB /* Sources */,
				18CE4EE92F2F309900ECB1AB /* Frameworks */,
				18CE4EEA2F2F309900ECB1AB /* Resources */,
			);
			buildRules = (
			);
			dependencies = (
				18CE4EEE2F2F309900ECB1AB /* PBXTargetDependency */,
			);
			fileSystemSynchronizedGroups = (
				18CE4EEF2F2F309900ECB1AB /* TikTok-Style-AppUITests */,
			);
			name = "TikTok-Style-AppUITests";
			packageProductDependencies = (
			);
			productName = "TikTok-Style-AppUITests";
			productReference = 18CE4EEC2F2F309900ECB1AB /* TikTok-Style-AppUITests.xctest */;
			productType = "com.apple.product-type.bundle.ui-testing";
		};
/* End PBXNativeTarget section */

/* Begin PBXProject section */
		18CE4ECD2F2F309700ECB1AB /* Project object */ = {
			isa = PBXProject;
			attributes = {
				BuildIndependentTargetsInParallel = 1;
				LastSwiftUpdateCheck = 2600;
				LastUpgradeCheck = 2600;
				TargetAttributes = {
					18CE4ED42F2F309700ECB1AB = {
						CreatedOnToolsVersion = 26.0.1;
					};
					18CE4EE12F2F309900ECB1AB = {
						CreatedOnToolsVersion = 26.0.1;
						TestTargetID = 18CE4ED42F2F309700ECB1AB;
					};
					18CE4EEB2F2F309900ECB1AB = {
						CreatedOnToolsVersion = 26.0.1;
						TestTargetID = 18CE4ED42F2F309700ECB1AB;
					};
				};
			};
			buildConfigurationList = 18CE4ED02F2F309700ECB1AB /* Build configuration list for PBXProject "TikTok-Style-App" */;
			developmentRegion = en;
			hasScannedForEncodings = 0;
			knownRegions = (
				en,
				Base,
			);
			mainGroup = 18CE4ECC2F2F309700ECB1AB;
			minimizedProjectReferenceProxies = 1;
			packageReferences = (
				18CE4F382F30F22B00ECB1AB /* XCRemoteSwiftPackageReference "Alamofire" */,
			);
			preferredProjectObjectVersion = 77;
			productRefGroup = 18CE4ED62F2F309700ECB1AB /* Products */;
			projectDirPath = "";
			projectRoot = "";
			targets = (
				18CE4ED42F2F309700ECB1AB /* TikTok-Style-App */,
				18CE4EE12F2F309900ECB1AB /* TikTok-Style-AppTests */,
				18CE4EEB2F2F309900ECB1AB /* TikTok-Style-AppUITests */,
			);
		};
/* End PBXProject section */

/* Begin PBXResourcesBuildPhase section */
		18CE4ED32F2F309700ECB1AB /* Resources */ = {
			isa = PBXResourcesBuildPhase;
			buildActionMask = 2147483647;
			files = (
			);
			runOnlyForDeploymentPostprocessing = 0;
		};
		18CE4EE02F2F309900ECB1AB /* Resources */ = {
			isa = PBXResourcesBuildPhase;
			buildActionMask = 2147483647;
			files = (
			);
			runOnlyForDeploymentPostprocessing = 0;
		};
		18CE4EEA2F2F309900ECB1AB /* Resources */ = {
			isa = PBXResourcesBuildPhase;
			buildActionMask = 2147483647;
			files = (
			);
			runOnlyForDeploymentPostprocessing = 0;
		};
/* End PBXResourcesBuildPhase section */

/* Begin PBXSourcesBuildPhase section */
		18CE4ED12F2F309700ECB1AB /* Sources */ = {
			isa = PBXSourcesBuildPhase;
			buildActionMask = 2147483647;
			files = (
			);
			runOnlyForDeploymentPostprocessing = 0;
		};
		18CE4EDE2F2F309900ECB1AB /* Sources */ = {
			isa = PBXSourcesBuildPhase;
			buildActionMask = 2147483647;
			files = (
			);
			runOnlyForDeploymentPostprocessing = 0;
		};
		18CE4EE82F2F309900ECB1AB /* Sources */ = {
			isa = PBXSourcesBuildPhase;
			buildActionMask = 2147483647;
			files = (
			);
			runOnlyForDeploymentPostprocessing = 0;
		};
/* End PBXSourcesBuildPhase section */

/* Begin PBXTargetDependency section */
		18CE4EE42F2F309900ECB1AB /* PBXTargetDependency */ = {
			isa = PBXTargetDependency;
			target = 18CE4ED42F2F309700ECB1AB /* TikTok-Style-App */;
			targetProxy = 18CE4EE32F2F309900ECB1AB /* PBXContainerItemProxy */;
		};
		18CE4EEE2F2F309900ECB1AB /* PBXTargetDependency */ = {
			isa = PBXTargetDependency;
			target = 18CE4ED42F2F309700ECB1AB /* TikTok-Style-App */;
			targetProxy = 18CE4EED2F2F309900ECB1AB /* PBXContainerItemProxy */;
		};
/* End PBXTargetDependency section */

/* Begin XCBuildConfiguration section */
		18CE4EF42F2F309900ECB1AB /* Debug */ = {
			isa = XCBuildConfiguration;
			buildSettings = {
				ALWAYS_SEARCH_USER_PATHS = NO;
				ASSETCATALOG_COMPILER_GENERATE_SWIFT_ASSET_SYMBOL_EXTENSIONS = YES;
				CLANG_ANALYZER_NONNULL = YES;
				CLANG_ANALYZER_NUMBER_OBJECT_CONVERSION = YES_AGGRESSIVE;
				CLANG_CXX_LANGUAGE_STANDARD = "gnu++20";
				CLANG_ENABLE_MODULES = YES;
				CLANG_ENABLE_OBJC_ARC = YES;
				CLANG_ENABLE_OBJC_WEAK = YES;
				CLANG_WARN_BLOCK_CAPTURE_AUTORELEASING = YES;
				CLANG_WARN_BOOL_CONVERSION = YES;
				CLANG_WARN_COMMA = YES;
				CLANG_WARN_CONSTANT_CONVERSION = YES;
				CLANG_WARN_DEPRECATED_OBJC_IMPLEMENTATIONS = YES;
				CLANG_WARN_DIRECT_OBJC_ISA_USAGE = YES_ERROR;
				CLANG_WARN_DOCUMENTATION_COMMENTS = YES;
				CLANG_WARN_EMPTY_BODY = YES;
				CLANG_WARN_ENUM_CONVERSION = YES;
				CLANG_WARN_INFINITE_RECURSION = YES;
				CLANG_WARN_INT_CONVERSION = YES;
				CLANG_WARN_NON_LITERAL_NULL_CONVERSION = YES;
				CLANG_WARN_OBJC_IMPLICIT_RETAIN_SELF = YES;
				CLANG_WARN_OBJC_LITERAL_CONVERSION = YES;
				CLANG_WARN_OBJC_ROOT_CLASS = YES_ERROR;
				CLANG_WARN_QUOTED_INCLUDE_IN_FRAMEWORK_HEADER = YES;
				CLANG_WARN_RANGE_LOOP_ANALYSIS = YES;
				CLANG_WARN_STRICT_PROTOTYPES = YES;
				CLANG_WARN_SUSPICIOUS_MOVE = YES;
				CLANG_WARN_UNGUARDED_AVAILABILITY = YES_AGGRESSIVE;
				CLANG_WARN_UNREACHABLE_CODE = YES;
				CLANG_WARN__DUPLICATE_METHOD_MATCH = YES;
				COPY_PHASE_STRIP = NO;
				DEBUG_INFORMATION_FORMAT = dwarf;
				DEVELOPMENT_TEAM = U8V7XT9UBU;
				ENABLE_STRICT_OBJC_MSGSEND = YES;
				ENABLE_TESTABILITY = YES;
				ENABLE_USER_SCRIPT_SANDBOXING = YES;
				GCC_C_LANGUAGE_STANDARD = gnu17;
				GCC_DYNAMIC_NO_PIC = NO;
				GCC_NO_COMMON_BLOCKS = YES;
				GCC_OPTIMIZATION_LEVEL = 0;
				GCC_PREPROCESSOR_DEFINITIONS = (
					"DEBUG=1",
					"$(inherited)",
				);
				GCC_WARN_64_TO_32_BIT_CONVERSION = YES;
				GCC_WARN_ABOUT_RETURN_TYPE = YES_ERROR;
				GCC_WARN_UNDECLARED_SELECTOR = YES;
				GCC_WARN_UNINITIALIZED_AUTOS = YES_AGGRESSIVE;
				GCC_WARN_UNUSED_FUNCTION = YES;
				GCC_WARN_UNUSED_VARIABLE = YES;
				IPHONEOS_DEPLOYMENT_TARGET = 26.0;
				LOCALIZATION_PREFERS_STRING_CATALOGS = YES;
				MTL_ENABLE_DEBUG_INFO = INCLUDE_SOURCE;
				MTL_FAST_MATH = YES;
				ONLY_ACTIVE_ARCH = YES;
				SDKROOT = iphoneos;
				SWIFT_ACTIVE_COMPILATION_CONDITIONS = "DEBUG $(inherited)";
				SWIFT_OPTIMIZATION_LEVEL = "-Onone";
			};
			name = Debug;
		};
		18CE4EF52F2F309900ECB1AB /* Release */ = {
			isa = XCBuildConfiguration;
			buildSettings = {
				ALWAYS_SEARCH_USER_PATHS = NO;
				ASSETCATALOG_COMPILER_GENERATE_SWIFT_ASSET_SYMBOL_EXTENSIONS = YES;
				CLANG_ANALYZER_NONNULL = YES;
				CLANG_ANALYZER_NUMBER_OBJECT_CONVERSION = YES_AGGRESSIVE;
				CLANG_CXX_LANGUAGE_STANDARD = "gnu++20";
				CLANG_ENABLE_MODULES = YES;
				CLANG_ENABLE_OBJC_ARC = YES;
				CLANG_ENABLE_OBJC_WEAK = YES;
				CLANG_WARN_BLOCK_CAPTURE_AUTORELEASING = YES;
				CLANG_WARN_BOOL_CONVERSION = YES;
				CLANG_WARN_COMMA = YES;
				CLANG_WARN_CONSTANT_CONVERSION = YES;
				CLANG_WARN_DEPRECATED_OBJC_IMPLEMENTATIONS = YES;
				CLANG_WARN_DIRECT_OBJC_ISA_USAGE = YES_ERROR;
				CLANG_WARN_DOCUMENTATION_COMMENTS = YES;
				CLANG_WARN_EMPTY_BODY = YES;
				CLANG_WARN_ENUM_CONVERSION = YES;
				CLANG_WARN_INFINITE_RECURSION = YES;
				CLANG_WARN_INT_CONVERSION = YES;
				CLANG_WARN_NON_LITERAL_NULL_CONVERSION = YES;
				CLANG_WARN_OBJC_IMPLICIT_RETAIN_SELF = YES;
				CLANG_WARN_OBJC_LITERAL_CONVERSION = YES;
				CLANG_WARN_OBJC_ROOT_CLASS = YES_ERROR;
				CLANG_WARN_QUOTED_INCLUDE_IN_FRAMEWORK_HEADER = YES;
				CLANG_WARN_RANGE_LOOP_ANALYSIS = YES;
				CLANG_WARN_STRICT_PROTOTYPES = YES;
				CLANG_WARN_SUSPICIOUS_MOVE = YES;
				CLANG_WARN_UNGUARDED_AVAILABILITY = YES_AGGRESSIVE;
				CLANG_WARN_UNREACHABLE_CODE = YES;
				CLANG_WARN__DUPLICATE_METHOD_MATCH = YES;
				COPY_PHASE_STRIP = NO;
				DEBUG_INFORMATION_FORMAT = "dwarf-with-dsym";
				DEVELOPMENT_TEAM = U8V7XT9UBU;
				ENABLE_NS_ASSERTIONS = NO;
				ENABLE_STRICT_OBJC_MSGSEND = YES;
				ENABLE_USER_SCRIPT_SANDBOXING = YES;
				GCC_C_LANGUAGE_STANDARD = gnu17;
				GCC_NO_COMMON_BLOCKS = YES;
				GCC_WARN_64_TO_32_BIT_CONVERSION = YES;
				GCC_WARN_ABOUT_RETURN_TYPE = YES_ERROR;
				GCC_WARN_UNDECLARED_SELECTOR = YES;
				GCC_WARN_UNINITIALIZED_AUTOS = YES_AGGRESSIVE;
				GCC_WARN_UNUSED_FUNCTION = YES;
				GCC_WARN_UNUSED_VARIABLE = YES;
				IPHONEOS_DEPLOYMENT_TARGET = 26.0;
				LOCALIZATION_PREFERS_STRING_CATALOGS = YES;
				MTL_ENABLE_DEBUG_INFO = NO;
				MTL_FAST_MATH = YES;
				SDKROOT = iphoneos;
				SWIFT_COMPILATION_MODE = wholemodule;
				VALIDATE_PRODUCT = YES;
			};
			name = Release;
		};
		18CE4EF72F2F309900ECB1AB /* Debug */ = {
			isa = XCBuildConfiguration;
			buildSettings = {
				ASSETCATALOG_COMPILER_APPICON_NAME = AppIcon;
				ASSETCATALOG_COMPILER_GLOBAL_ACCENT_COLOR_NAME = AccentColor;
				CODE_SIGN_STYLE = Automatic;
				CURRENT_PROJECT_VERSION = 1;
				DEVELOPMENT_TEAM = U8V7XT9UBU;
				ENABLE_PREVIEWS = YES;
				GENERATE_INFOPLIST_FILE = YES;
				INFOPLIST_KEY_LSApplicationCategoryType = "public.app-category.video";
				INFOPLIST_KEY_UIApplicationSceneManifest_Generation = YES;
				INFOPLIST_KEY_UIApplicationSupportsIndirectInputEvents = YES;
				INFOPLIST_KEY_UILaunchScreen_Generation = YES;
				INFOPLIST_KEY_UISupportedInterfaceOrientations_iPad = "UIInterfaceOrientationPortrait UIInterfaceOrientationPortraitUpsideDown UIInterfaceOrientationLandscapeLeft UIInterfaceOrientationLandscapeRight";
				INFOPLIST_KEY_UISupportedInterfaceOrientations_iPhone = "UIInterfaceOrientationPortrait UIInterfaceOrientationLandscapeLeft UIInterfaceOrientationLandscapeRight";
				LD_RUNPATH_SEARCH_PATHS = (
					"$(inherited)",
					"@executable_path/Frameworks",
				);
				MARKETING_VERSION = 1.0;
				PRODUCT_BUNDLE_IDENTIFIER = "com.tiktoksyle.app.TikTok-Style-App";
				PRODUCT_NAME = "$(TARGET_NAME)";
				STRING_CATALOG_GENERATE_SYMBOLS = YES;
				SUPPORTED_PLATFORMS = "iphoneos iphonesimulator";
				SUPPORTS_MACCATALYST = NO;
				SUPPORTS_MAC_DESIGNED_FOR_IPHONE_IPAD = NO;
				SUPPORTS_XR_DESIGNED_FOR_IPHONE_IPAD = NO;
				SWIFT_APPROACHABLE_CONCURRENCY = YES;
				SWIFT_DEFAULT_ACTOR_ISOLATION = MainActor;
				SWIFT_EMIT_LOC_STRINGS = YES;
				SWIFT_UPCOMING_FEATURE_MEMBER_IMPORT_VISIBILITY = YES;
				SWIFT_VERSION = 5.0;
				TARGETED_DEVICE_FAMILY = "1,2";
			};
			name = Debug;
		};
		18CE4EF82F2F309900ECB1AB /* Release */ = {
			isa = XCBuildConfiguration;
			buildSettings = {
				ASSETCATALOG_COMPILER_APPICON_NAME = AppIcon;
				ASSETCATALOG_COMPILER_GLOBAL_ACCENT_COLOR_NAME = AccentColor;
				CODE_SIGN_STYLE = Automatic;
				CURRENT_PROJECT_VERSION = 1;
				DEVELOPMENT_TEAM = U8V7XT9UBU;
				ENABLE_PREVIEWS = YES;
				GENERATE_INFOPLIST_FILE = YES;
				INFOPLIST_KEY_LSApplicationCategoryType = "public.app-category.video";
				INFOPLIST_KEY_UIApplicationSceneManifest_Generation = YES;
				INFOPLIST_KEY_UIApplicationSupportsIndirectInputEvents = YES;
				INFOPLIST_KEY_UILaunchScreen_Generation = YES;
				INFOPLIST_KEY_UISupportedInterfaceOrientations_iPad = "UIInterfaceOrientationPortrait UIInterfaceOrientationPortraitUpsideDown UIInterfaceOrientationLandscapeLeft UIInterfaceOrientationLandscapeRight";
				INFOPLIST_KEY_UISupportedInterfaceOrientations_iPhone = "UIInterfaceOrientationPortrait UIInterfaceOrientationLandscapeLeft UIInterfaceOrientationLandscapeRight";
				LD_RUNPATH_SEARCH_PATHS = (
					"$(inherited)",
					"@executable_path/Frameworks",
				);
				MARKETING_VERSION = 1.0;
				PRODUCT_BUNDLE_IDENTIFIER = "com.tiktoksyle.app.TikTok-Style-App";
				PRODUCT_NAME = "$(TARGET_NAME)";
				STRING_CATALOG_GENERATE_SYMBOLS = YES;
				SUPPORTED_PLATFORMS = "iphoneos iphonesimulator";
				SUPPORTS_MACCATALYST = NO;
				SUPPORTS_MAC_DESIGNED_FOR_IPHONE_IPAD = NO;
				SUPPORTS_XR_DESIGNED_FOR_IPHONE_IPAD = NO;
				SWIFT_APPROACHABLE_CONCURRENCY = YES;
				SWIFT_DEFAULT_ACTOR_ISOLATION = MainActor;
				SWIFT_EMIT_LOC_STRINGS = YES;
				SWIFT_UPCOMING_FEATURE_MEMBER_IMPORT_VISIBILITY = YES;
				SWIFT_VERSION = 5.0;
				TARGETED_DEVICE_FAMILY = "1,2";
			};
			name = Release;
		};
		18CE4EFA2F2F309900ECB1AB /* Debug */ = {
			isa = XCBuildConfiguration;
			buildSettings = {
				BUNDLE_LOADER = "$(TEST_HOST)";
				CODE_SIGN_STYLE = Automatic;
				CURRENT_PROJECT_VERSION = 1;
				DEVELOPMENT_TEAM = U8V7XT9UBU;
				GENERATE_INFOPLIST_FILE = YES;
				IPHONEOS_DEPLOYMENT_TARGET = 26.0;
				MARKETING_VERSION = 1.0;
				PRODUCT_BUNDLE_IDENTIFIER = "com.tiktoksyle.app.TikTok-Style-AppTests";
				PRODUCT_NAME = "$(TARGET_NAME)";
				STRING_CATALOG_GENERATE_SYMBOLS = NO;
				SWIFT_APPROACHABLE_CONCURRENCY = YES;
				SWIFT_EMIT_LOC_STRINGS = NO;
				SWIFT_UPCOMING_FEATURE_MEMBER_IMPORT_VISIBILITY = YES;
				SWIFT_VERSION = 5.0;
				TARGETED_DEVICE_FAMILY = "1,2";
				TEST_HOST = "$(BUILT_PRODUCTS_DIR)/TikTok-Style-App.app/$(BUNDLE_EXECUTABLE_FOLDER_PATH)/TikTok-Style-App";
			};
			name = Debug;
		};
		18CE4EFB2F2F309900ECB1AB /* Release */ = {
			isa = XCBuildConfiguration;
			buildSettings = {
				BUNDLE_LOADER = "$(TEST_HOST)";
				CODE_SIGN_STYLE = Automatic;
				CURRENT_PROJECT_VERSION = 1;
				DEVELOPMENT_TEAM = U8V7XT9UBU;
				GENERATE_INFOPLIST_FILE = YES;
				IPHONEOS_DEPLOYMENT_TARGET = 26.0;
				MARKETING_VERSION = 1.0;
				PRODUCT_BUNDLE_IDENTIFIER = "com.tiktoksyle.app.TikTok-Style-AppTests";
				PRODUCT_NAME = "$(TARGET_NAME)";
				STRING_CATALOG_GENERATE_SYMBOLS = NO;
				SWIFT_APPROACHABLE_CONCURRENCY = YES;
				SWIFT_EMIT_LOC_STRINGS = NO;
				SWIFT_UPCOMING_FEATURE_MEMBER_IMPORT_VISIBILITY = YES;
				SWIFT_VERSION = 5.0;
				TARGETED_DEVICE_FAMILY = "1,2";
				TEST_HOST = "$(BUILT_PRODUCTS_DIR)/TikTok-Style-App.app/$(BUNDLE_EXECUTABLE_FOLDER_PATH)/TikTok-Style-App";
			};
			name = Release;
		};
		18CE4EFD2F2F309900ECB1AB /* Debug */ = {
			isa = XCBuildConfiguration;
			buildSettings = {
				CODE_SIGN_STYLE = Automatic;
				CURRENT_PROJECT_VERSION = 1;
				DEVELOPMENT_TEAM = U8V7XT9UBU;
				GENERATE_INFOPLIST_FILE = YES;
				MARKETING_VERSION = 1.0;
				PRODUCT_BUNDLE_IDENTIFIER = "com.tiktoksyle.app.TikTok-Style-AppUITests";
				PRODUCT_NAME = "$(TARGET_NAME)";
				STRING_CATALOG_GENERATE_SYMBOLS = NO;
				SWIFT_APPROACHABLE_CONCURRENCY = YES;
				SWIFT_EMIT_LOC_STRINGS = NO;
				SWIFT_UPCOMING_FEATURE_MEMBER_IMPORT_VISIBILITY = YES;
				SWIFT_VERSION = 5.0;
				TARGETED_DEVICE_FAMILY = "1,2";
				TEST_TARGET_NAME = "TikTok-Style-App";
			};
			name = Debug;
		};
		18CE4EFE2F2F309900ECB1AB /* Release */ = {
			isa = XCBuildConfiguration;
			buildSettings = {
				CODE_SIGN_STYLE = Automatic;
				CURRENT_PROJECT_VERSION = 1;
				DEVELOPMENT_TEAM = U8V7XT9UBU;
				GENERATE_INFOPLIST_FILE = YES;
				MARKETING_VERSION = 1.0;
				PRODUCT_BUNDLE_IDENTIFIER = "com.tiktoksyle.app.TikTok-Style-AppUITests";
				PRODUCT_NAME = "$(TARGET_NAME)";
				STRING_CATALOG_GENERATE_SYMBOLS = NO;
				SWIFT_APPROACHABLE_CONCURRENCY = YES;
				SWIFT_EMIT_LOC_STRINGS = NO;
				SWIFT_UPCOMING_FEATURE_MEMBER_IMPORT_VISIBILITY = YES;
				SWIFT_VERSION = 5.0;
				TARGETED_DEVICE_FAMILY = "1,2";
				TEST_TARGET_NAME = "TikTok-Style-App";
			};
			name = Release;
		};
/* End XCBuildConfiguration section */

/* Begin XCConfigurationList section */
		18CE4ED02F2F309700ECB1AB /* Build configuration list for PBXProject "TikTok-Style-App" */ = {
			isa = XCConfigurationList;
			buildConfigurations = (
				18CE4EF42F2F309900ECB1AB /* Debug */,
				18CE4EF52F2F309900ECB1AB /* Release */,
			);
			defaultConfigurationIsVisible = 0;
			defaultConfigurationName = Release;
		};
		18CE4EF62F2F309900ECB1AB /* Build configuration list for PBXNativeTarget "TikTok-Style-App" */ = {
			isa = XCConfigurationList;
			buildConfigurations = (
				18CE4EF72F2F309900ECB1AB /* Debug */,
				18CE4EF82F2F309900ECB1AB /* Release */,
			);
			defaultConfigurationIsVisible = 0;
			defaultConfigurationName = Release;
		};
		18CE4EF92F2F309900ECB1AB /* Build configuration list for PBXNativeTarget "TikTok-Style-AppTests" */ = {
			isa = XCConfigurationList;
			buildConfigurations = (
				18CE4EFA2F2F309900ECB1AB /* Debug */,
				18CE4EFB2F2F309900ECB1AB /* Release */,
			);
			defaultConfigurationIsVisible = 0;
			defaultConfigurationName = Release;
		};
		18CE4EFC2F2F309900ECB1AB /* Build configuration list for PBXNativeTarget "TikTok-Style-AppUITests" */ = {
			isa = XCConfigurationList;
			buildConfigurations = (
				18CE4EFD2F2F309900ECB1AB /* Debug */,
				18CE4EFE2F2F309900ECB1AB /* Release */,
			);
			defaultConfigurationIsVisible = 0;
			defaultConfigurationName = Release;
		};
/* End XCConfigurationList section */

/* Begin XCRemoteSwiftPackageReference section */
		18CE4F382F30F22B00ECB1AB /* XCRemoteSwiftPackageReference "Alamofire" */ = {
			isa = XCRemoteSwiftPackageReference;
			repositoryURL = "https://github.com/Alamofire/Alamofire.git";
			requirement = {
				kind = upToNextMajorVersion;
				minimumVersion = 5.11.1;
			};
		};
/* End XCRemoteSwiftPackageReference section */

/* Begin XCSwiftPackageProductDependency section */
		18CE4F7D2F30F4C200ECB1AB /* Alamofire */ = {
			isa = XCSwiftPackageProductDependency;
			package = 18CE4F382F30F22B00ECB1AB /* XCRemoteSwiftPackageReference "Alamofire" */;
			productName = Alamofire;
		};
/* End XCSwiftPackageProductDependency section */
	};
	rootObject = 18CE4ECD2F2F309700ECB1AB /* Project object */;
}
